
Microsoft Visual Studio Solution File, Format Version 12.00
Project("{FAE04EC0-301F-11D3-BF4B-00C04F79EFBC}") = "Find the divisors", "Find the divisors.csproj", "{7733F04D-D5AE-424B-B15E-33E40C04C8E8}"
EndProject
Global
	GlobalSection(SolutionConfigurationPlatforms) = preSolution
		Debug|Any CPU = Debug|Any CPU
		Release|Any CPU = Release|Any CPU
	EndGlobalSection
	GlobalSection(ProjectConfigurationPlatforms) = postSolution
		{7733F04D-D5AE-424B-B15E-33E40C04C8E8}.Debug|Any CPU.ActiveCfg = Debug|Any CPU
		{7733F04D-D5AE-424B-B15E-33E40C04C8E8}.Debug|Any CPU.Build.0 = Debug|Any CPU
		{7733F04D-D5AE-424B-B15E-33E40C04C8E8}.Release|Any CPU.ActiveCfg = Release|Any CPU
		{7733F04D-D5AE-424B-B15E-33E40C04C8E8}.Release|Any CPU.Build.0 = Release|Any CPU
	EndGlobalSection
EndGlobal
