
Microsoft Visual Studio Solution File, Format Version 12.00
Project("{FAE04EC0-301F-11D3-BF4B-00C04F79EFBC}") = "codewars", "codewars.csproj", "{C79503A7-7CA1-4A79-B870-6EAD70DE255D}"
EndProject
Global
	GlobalSection(SolutionConfigurationPlatforms) = preSolution
		Debug|Any CPU = Debug|Any CPU
		Release|Any CPU = Release|Any CPU
	EndGlobalSection
	GlobalSection(ProjectConfigurationPlatforms) = postSolution
		{C79503A7-7CA1-4A79-B870-6EAD70DE255D}.Debug|Any CPU.ActiveCfg = Debug|Any CPU
		{C79503A7-7CA1-4A79-B870-6EAD70DE255D}.Debug|Any CPU.Build.0 = Debug|Any CPU
		{C79503A7-7CA1-4A79-B870-6EAD70DE255D}.Release|Any CPU.ActiveCfg = Release|Any CPU
		{C79503A7-7CA1-4A79-B870-6EAD70DE255D}.Release|Any CPU.Build.0 = Release|Any CPU
	EndGlobalSection
EndGlobal
