
Microsoft Visual Studio Solution File, Format Version 12.00
Project("{FAE04EC0-301F-11D3-BF4B-00C04F79EFBC}") = "Calculate BMI", "Calculate BMI.csproj", "{412B610C-DD3A-4142-8C1E-C79650BB807C}"
EndProject
Global
	GlobalSection(SolutionConfigurationPlatforms) = preSolution
		Debug|Any CPU = Debug|Any CPU
		Release|Any CPU = Release|Any CPU
	EndGlobalSection
	GlobalSection(ProjectConfigurationPlatforms) = postSolution
		{412B610C-DD3A-4142-8C1E-C79650BB807C}.Debug|Any CPU.ActiveCfg = Debug|Any CPU
		{412B610C-DD3A-4142-8C1E-C79650BB807C}.Debug|Any CPU.Build.0 = Debug|Any CPU
		{412B610C-DD3A-4142-8C1E-C79650BB807C}.Release|Any CPU.ActiveCfg = Release|Any CPU
		{412B610C-DD3A-4142-8C1E-C79650BB807C}.Release|Any CPU.Build.0 = Release|Any CPU
	EndGlobalSection
EndGlobal
