
Microsoft Visual Studio Solution File, Format Version 12.00
Project("{FAE04EC0-301F-11D3-BF4B-00C04F79EFBC}") = "Convert a Number to a String", "Convert a Number to a String.csproj", "{65BA8D60-4D82-492A-9AD3-7212B2F18AA5}"
EndProject
Global
	GlobalSection(SolutionConfigurationPlatforms) = preSolution
		Debug|Any CPU = Debug|Any CPU
		Release|Any CPU = Release|Any CPU
	EndGlobalSection
	GlobalSection(ProjectConfigurationPlatforms) = postSolution
		{65BA8D60-4D82-492A-9AD3-7212B2F18AA5}.Debug|Any CPU.ActiveCfg = Debug|Any CPU
		{65BA8D60-4D82-492A-9AD3-7212B2F18AA5}.Debug|Any CPU.Build.0 = Debug|Any CPU
		{65BA8D60-4D82-492A-9AD3-7212B2F18AA5}.Release|Any CPU.ActiveCfg = Release|Any CPU
		{65BA8D60-4D82-492A-9AD3-7212B2F18AA5}.Release|Any CPU.Build.0 = Release|Any CPU
	EndGlobalSection
EndGlobal
