
Microsoft Visual Studio Solution File, Format Version 12.00
Project("{FAE04EC0-301F-11D3-BF4B-00C04F79EFBC}") = "Return Negative", "Return Negative.csproj", "{C58AC7A4-7F00-4494-B9A2-A746BBE1C602}"
EndProject
Global
	GlobalSection(SolutionConfigurationPlatforms) = preSolution
		Debug|Any CPU = Debug|Any CPU
		Release|Any CPU = Release|Any CPU
	EndGlobalSection
	GlobalSection(ProjectConfigurationPlatforms) = postSolution
		{C58AC7A4-7F00-4494-B9A2-A746BBE1C602}.Debug|Any CPU.ActiveCfg = Debug|Any CPU
		{C58AC7A4-7F00-4494-B9A2-A746BBE1C602}.Debug|Any CPU.Build.0 = Debug|Any CPU
		{C58AC7A4-7F00-4494-B9A2-A746BBE1C602}.Release|Any CPU.ActiveCfg = Release|Any CPU
		{C58AC7A4-7F00-4494-B9A2-A746BBE1C602}.Release|Any CPU.Build.0 = Release|Any CPU
	EndGlobalSection
EndGlobal
