
Microsoft Visual Studio Solution File, Format Version 12.00
Project("{FAE04EC0-301F-11D3-BF4B-00C04F79EFBC}") = "Complementary DNA", "Complementary DNA.csproj", "{975CD5D0-240B-4B99-AB34-3D42C1276AA1}"
EndProject
Global
	GlobalSection(SolutionConfigurationPlatforms) = preSolution
		Debug|Any CPU = Debug|Any CPU
		Release|Any CPU = Release|Any CPU
	EndGlobalSection
	GlobalSection(ProjectConfigurationPlatforms) = postSolution
		{975CD5D0-240B-4B99-AB34-3D42C1276AA1}.Debug|Any CPU.ActiveCfg = Debug|Any CPU
		{975CD5D0-240B-4B99-AB34-3D42C1276AA1}.Debug|Any CPU.Build.0 = Debug|Any CPU
		{975CD5D0-240B-4B99-AB34-3D42C1276AA1}.Release|Any CPU.ActiveCfg = Release|Any CPU
		{975CD5D0-240B-4B99-AB34-3D42C1276AA1}.Release|Any CPU.Build.0 = Release|Any CPU
	EndGlobalSection
EndGlobal
