
Microsoft Visual Studio Solution File, Format Version 12.00
Project("{FAE04EC0-301F-11D3-BF4B-00C04F79EFBC}") = "Credit Card Mask", "Credit Card Mask.csproj", "{E7265F02-F383-4853-B793-CE22B07A6637}"
EndProject
Global
	GlobalSection(SolutionConfigurationPlatforms) = preSolution
		Debug|Any CPU = Debug|Any CPU
		Release|Any CPU = Release|Any CPU
	EndGlobalSection
	GlobalSection(ProjectConfigurationPlatforms) = postSolution
		{E7265F02-F383-4853-B793-CE22B07A6637}.Debug|Any CPU.ActiveCfg = Debug|Any CPU
		{E7265F02-F383-4853-B793-CE22B07A6637}.Debug|Any CPU.Build.0 = Debug|Any CPU
		{E7265F02-F383-4853-B793-CE22B07A6637}.Release|Any CPU.ActiveCfg = Release|Any CPU
		{E7265F02-F383-4853-B793-CE22B07A6637}.Release|Any CPU.Build.0 = Release|Any CPU
	EndGlobalSection
EndGlobal
