
Microsoft Visual Studio Solution File, Format Version 12.00
Project("{FAE04EC0-301F-11D3-BF4B-00C04F79EFBC}") = "Square Every Digit", "Square Every Digit.csproj", "{AB9CBA10-CE1F-4C53-AE38-6789B285E7B5}"
EndProject
Global
	GlobalSection(SolutionConfigurationPlatforms) = preSolution
		Debug|Any CPU = Debug|Any CPU
		Release|Any CPU = Release|Any CPU
	EndGlobalSection
	GlobalSection(ProjectConfigurationPlatforms) = postSolution
		{AB9CBA10-CE1F-4C53-AE38-6789B285E7B5}.Debug|Any CPU.ActiveCfg = Debug|Any CPU
		{AB9CBA10-CE1F-4C53-AE38-6789B285E7B5}.Debug|Any CPU.Build.0 = Debug|Any CPU
		{AB9CBA10-CE1F-4C53-AE38-6789B285E7B5}.Release|Any CPU.ActiveCfg = Release|Any CPU
		{AB9CBA10-CE1F-4C53-AE38-6789B285E7B5}.Release|Any CPU.Build.0 = Release|Any CPU
	EndGlobalSection
EndGlobal
